// !$*UTF8*$!
{
	archiveVersion = 1;
	classes = {
	};
	objectVersion = 46;
	objects = {

/* Begin PBXBuildFile section */
		530E6DB81FDCDCDE003CC3E5 /* Makefile in Sources */ = {isa = PBXBuildFile; fileRef = 530E6DB61FDCDCDE003CC3E5 /* Makefile */; };
		530E6DB91FDCDD05003CC3E5 /* Tweak.xmi in Sources */ = {isa = PBXBuildFile; fileRef = 539B79B71FD39BB300FEB4F5 /* Tweak.xmi */; };
		530E6DBB1FDCDD36003CC3E5 /* Tweak.h in Sources */ = {isa = PBXBuildFile; fileRef = 530E6DBA1FDCDD28003CC3E5 /* Tweak.h */; };
		530E6DC11FDCE921003CC3E5 /* MSHJelloView.mm in Sources */ = {isa = PBXBuildFile; fileRef = 530E6DC01FDCE921003CC3E5 /* MSHJelloView.mm */; };
/* End PBXBuildFile section */

/* Begin PBXCopyFilesBuildPhase section */
		539B79A91FD39B2800FEB4F5 /* CopyFiles */ = {
			isa = PBXCopyFilesBuildPhase;
			buildActionMask = 2147483647;
			dstPath = "include/$(PRODUCT_NAME)";
			dstSubfolderSpec = 16;
			files = (
			);
			runOnlyForDeploymentPostprocessing = 0;
		};
/* End PBXCopyFilesBuildPhase section */

/* Begin PBXFileReference section */
		530E6DB61FDCDCDE003CC3E5 /* Makefile */ = {isa = PBXFileReference; fileEncoding = 4; lastKnownFileType = sourcecode.make; path = Makefile; sourceTree = SOURCE_ROOT; usesTabs = 1; };
		530E6DB71FDCDCDE003CC3E5 /* Mitsuha2.plist */ = {isa = PBXFileReference; lastKnownFileType = text.plist; path = Mitsuha2.plist; sourceTree = SOURCE_ROOT; };
		530E6DBA1FDCDD28003CC3E5 /* Tweak.h */ = {isa = PBXFileReference; explicitFileType = sourcecode.cpp.objcpp; path = Tweak.h; sourceTree = SOURCE_ROOT; };
		530E6DBF1FDCE921003CC3E5 /* MSHJelloView.h */ = {isa = PBXFileReference; fileEncoding = 4; lastKnownFileType = sourcecode.c.h; path = MSHJelloView.h; sourceTree = SOURCE_ROOT; };
		530E6DC01FDCE921003CC3E5 /* MSHJelloView.mm */ = {isa = PBXFileReference; fileEncoding = 4; lastKnownFileType = sourcecode.cpp.objcpp; path = MSHJelloView.mm; sourceTree = SOURCE_ROOT; };
		530E6DC21FDCE93D003CC3E5 /* MSHUtils.h */ = {isa = PBXFileReference; lastKnownFileType = sourcecode.c.h; path = MSHUtils.h; sourceTree = SOURCE_ROOT; };
		534C24531FF09F0300C7179C /* control */ = {isa = PBXFileReference; lastKnownFileType = text; path = control; sourceTree = SOURCE_ROOT; };
		539B79AB1FD39B2800FEB4F5 /* libMitsuha2.a */ = {isa = PBXFileReference; explicitFileType = archive.ar; includeInIndex = 0; path = libMitsuha2.a; sourceTree = BUILT_PRODUCTS_DIR; };
		539B79B71FD39BB300FEB4F5 /* Tweak.xmi */ = {isa = PBXFileReference; explicitFileType = sourcecode.cpp.objcpp; fileEncoding = 4; path = Tweak.xmi; sourceTree = SOURCE_ROOT; };
/* End PBXFileReference section */

/* Begin PBXFrameworksBuildPhase section */
		539B79A81FD39B2800FEB4F5 /* Frameworks */ = {
			isa = PBXFrameworksBuildPhase;
			buildActionMask = 2147483647;
			files = (
			);
			runOnlyForDeploymentPostprocessing = 0;
		};
/* End PBXFrameworksBuildPhase section */

/* Begin PBXGroup section */
		539B79A21FD39B2800FEB4F5 = {
			isa = PBXGroup;
			children = (
				539B79AD1FD39B2800FEB4F5 /* Mitsuha2 */,
				539B79AC1FD39B2800FEB4F5 /* Products */,
			);
			sourceTree = "<group>";
		};
		539B79AC1FD39B2800FEB4F5 /* Products */ = {
			isa = PBXGroup;
			children = (
				539B79AB1FD39B2800FEB4F5 /* libMitsuha2.a */,
			);
			name = Products;
			sourceTree = "<group>";
		};
		539B79AD1FD39B2800FEB4F5 /* Mitsuha2 */ = {
			isa = PBXGroup;
			children = (
				534C24531FF09F0300C7179C /* control */,
				530E6DB61FDCDCDE003CC3E5 /* Makefile */,
				530E6DB71FDCDCDE003CC3E5 /* Mitsuha2.plist */,
				530E6DBA1FDCDD28003CC3E5 /* Tweak.h */,
				539B79B71FD39BB300FEB4F5 /* Tweak.xmi */,
				530E6DBF1FDCE921003CC3E5 /* MSHJelloView.h */,
				530E6DC21FDCE93D003CC3E5 /* MSHUtils.h */,
				530E6DC01FDCE921003CC3E5 /* MSHJelloView.mm */,
			);
			path = Mitsuha2;
			sourceTree = "<group>";
		};
/* End PBXGroup section */

/* Begin PBXNativeTarget section */
		539B79AA1FD39B2800FEB4F5 /* Mitsuha2 */ = {
			isa = PBXNativeTarget;
			buildConfigurationList = 539B79B41FD39B2800FEB4F5 /* Build configuration list for PBXNativeTarget "Mitsuha2" */;
			buildPhases = (
				539B79A71FD39B2800FEB4F5 /* Sources */,
				539B79A81FD39B2800FEB4F5 /* Frameworks */,
				539B79A91FD39B2800FEB4F5 /* CopyFiles */,
				539B79BB1FD39EDC00FEB4F5 /* ShellScript */,
			);
			buildRules = (
			);
			dependencies = (
			);
			name = Mitsuha2;
			productName = Mitsuha2;
			productReference = 539B79AB1FD39B2800FEB4F5 /* libMitsuha2.a */;
			productType = "com.apple.product-type.library.static";
		};
/* End PBXNativeTarget section */

/* Begin PBXProject section */
		539B79A31FD39B2800FEB4F5 /* Project object */ = {
			isa = PBXProject;
			attributes = {
				LastUpgradeCheck = 0820;
				ORGANIZATIONNAME = c0ldra1n;
				TargetAttributes = {
					539B79AA1FD39B2800FEB4F5 = {
						CreatedOnToolsVersion = 8.2.1;
						DevelopmentTeam = L53UBUP7SC;
						ProvisioningStyle = Automatic;
					};
				};
			};
			buildConfigurationList = 539B79A61FD39B2800FEB4F5 /* Build configuration list for PBXProject "Mitsuha2" */;
			compatibilityVersion = "Xcode 3.2";
			developmentRegion = English;
			hasScannedForEncodings = 0;
			knownRegions = (
				en,
			);
			mainGroup = 539B79A21FD39B2800FEB4F5;
			productRefGroup = 539B79AC1FD39B2800FEB4F5 /* Products */;
			projectDirPath = "";
			projectRoot = "";
			targets = (
				539B79AA1FD39B2800FEB4F5 /* Mitsuha2 */,
			);
		};
/* End PBXProject section */

/* Begin PBXShellScriptBuildPhase section */
		539B79BB1FD39EDC00FEB4F5 /* ShellScript */ = {
			isa = PBXShellScriptBuildPhase;
			buildActionMask = 2147483647;
			files = (
			);
			inputPaths = (
			);
			outputPaths = (
			);
			runOnlyForDeploymentPostprocessing = 0;
			shellPath = /bin/sh;
			shellScript = "source ~/.bash_profile;\nmake package install;";
		};
/* End PBXShellScriptBuildPhase section */

/* Begin PBXSourcesBuildPhase section */
		539B79A71FD39B2800FEB4F5 /* Sources */ = {
			isa = PBXSourcesBuildPhase;
			buildActionMask = 2147483647;
			files = (
				530E6DC11FDCE921003CC3E5 /* MSHJelloView.mm in Sources */,
				530E6DBB1FDCDD36003CC3E5 /* Tweak.h in Sources */,
				530E6DB81FDCDCDE003CC3E5 /* Makefile in Sources */,
				530E6DB91FDCDD05003CC3E5 /* Tweak.xmi in Sources */,
			);
			runOnlyForDeploymentPostprocessing = 0;
		};
/* End PBXSourcesBuildPhase section */

/* Begin XCBuildConfiguration section */
		539B79B21FD39B2800FEB4F5 /* Debug */ = {
			isa = XCBuildConfiguration;
			buildSettings = {
				ALWAYS_SEARCH_USER_PATHS = NO;
				CLANG_ANALYZER_NONNULL = YES;
				CLANG_CXX_LANGUAGE_STANDARD = "gnu++0x";
				CLANG_CXX_LIBRARY = "libc++";
				CLANG_ENABLE_MODULES = YES;
				CLANG_ENABLE_OBJC_ARC = YES;
				CLANG_WARN_BOOL_CONVERSION = YES;
				CLANG_WARN_CONSTANT_CONVERSION = YES;
				CLANG_WARN_DIRECT_OBJC_ISA_USAGE = YES_ERROR;
				CLANG_WARN_DOCUMENTATION_COMMENTS = YES;
				CLANG_WARN_EMPTY_BODY = YES;
				CLANG_WARN_ENUM_CONVERSION = YES;
				CLANG_WARN_INFINITE_RECURSION = YES;
				CLANG_WARN_INT_CONVERSION = YES;
				CLANG_WARN_OBJC_ROOT_CLASS = YES_ERROR;
				CLANG_WARN_SUSPICIOUS_MOVE = YES;
				CLANG_WARN_UNREACHABLE_CODE = YES;
				CLANG_WARN__DUPLICATE_METHOD_MATCH = YES;
				"CODE_SIGN_IDENTITY[sdk=iphoneos*]" = "iPhone Developer";
				COPY_PHASE_STRIP = NO;
				DEBUG_INFORMATION_FORMAT = dwarf;
				ENABLE_STRICT_OBJC_MSGSEND = YES;
				ENABLE_TESTABILITY = YES;
				GCC_C_LANGUAGE_STANDARD = gnu99;
				GCC_DYNAMIC_NO_PIC = NO;
				GCC_NO_COMMON_BLOCKS = YES;
				GCC_OPTIMIZATION_LEVEL = 0;
				GCC_PREPROCESSOR_DEFINITIONS = (
					"DEBUG=1",
					"$(inherited)",
				);
				GCC_WARN_64_TO_32_BIT_CONVERSION = YES;
				GCC_WARN_ABOUT_RETURN_TYPE = YES_ERROR;
				GCC_WARN_UNDECLARED_SELECTOR = YES;
				GCC_WARN_UNINITIALIZED_AUTOS = YES_AGGRESSIVE;
				GCC_WARN_UNUSED_FUNCTION = YES;
				GCC_WARN_UNUSED_VARIABLE = YES;
				IPHONEOS_DEPLOYMENT_TARGET = 10.2;
				MTL_ENABLE_DEBUG_INFO = YES;
				ONLY_ACTIVE_ARCH = YES;
				SDKROOT = iphoneos;
			};
			name = Debug;
		};
		539B79B31FD39B2800FEB4F5 /* Release */ = {
			isa = XCBuildConfiguration;
			buildSettings = {
				ALWAYS_SEARCH_USER_PATHS = NO;
				CLANG_ANALYZER_NONNULL = YES;
				CLANG_CXX_LANGUAGE_STANDARD = "gnu++0x";
				CLANG_CXX_LIBRARY = "libc++";
				CLANG_ENABLE_MODULES = YES;
				CLANG_ENABLE_OBJC_ARC = YES;
				CLANG_WARN_BOOL_CONVERSION = YES;
				CLANG_WARN_CONSTANT_CONVERSION = YES;
				CLANG_WARN_DIRECT_OBJC_ISA_USAGE = YES_ERROR;
				CLANG_WARN_DOCUMENTATION_COMMENTS = YES;
				CLANG_WARN_EMPTY_BODY = YES;
				CLANG_WARN_ENUM_CONVERSION = YES;
				CLANG_WARN_INFINITE_RECURSION = YES;
				CLANG_WARN_INT_CONVERSION = YES;
				CLANG_WARN_OBJC_ROOT_CLASS = YES_ERROR;
				CLANG_WARN_SUSPICIOUS_MOVE = YES;
				CLANG_WARN_UNREACHABLE_CODE = YES;
				CLANG_WARN__DUPLICATE_METHOD_MATCH = YES;
				"CODE_SIGN_IDENTITY[sdk=iphoneos*]" = "iPhone Developer";
				COPY_PHASE_STRIP = NO;
				DEBUG_INFORMATION_FORMAT = "dwarf-with-dsym";
				ENABLE_NS_ASSERTIONS = NO;
				ENABLE_STRICT_OBJC_MSGSEND = YES;
				GCC_C_LANGUAGE_STANDARD = gnu99;
				GCC_NO_COMMON_BLOCKS = YES;
				GCC_WARN_64_TO_32_BIT_CONVERSION = YES;
				GCC_WARN_ABOUT_RETURN_TYPE = YES_ERROR;
				GCC_WARN_UNDECLARED_SELECTOR = YES;
				GCC_WARN_UNINITIALIZED_AUTOS = YES_AGGRESSIVE;
				GCC_WARN_UNUSED_FUNCTION = YES;
				GCC_WARN_UNUSED_VARIABLE = YES;
				IPHONEOS_DEPLOYMENT_TARGET = 10.2;
				MTL_ENABLE_DEBUG_INFO = NO;
				SDKROOT = iphoneos;
				VALIDATE_PRODUCT = YES;
			};
			name = Release;
		};
		539B79B51FD39B2800FEB4F5 /* Debug */ = {
			isa = XCBuildConfiguration;
			buildSettings = {
				DEVELOPMENT_TEAM = L53UBUP7SC;
				HEADER_SEARCH_PATHS = /opt/theos/include;
				OTHER_LDFLAGS = "-ObjC";
				PRODUCT_NAME = "$(TARGET_NAME)";
				SKIP_INSTALL = YES;
			};
			name = Debug;
		};
		539B79B61FD39B2800FEB4F5 /* Release */ = {
			isa = XCBuildConfiguration;
			buildSettings = {
				DEVELOPMENT_TEAM = L53UBUP7SC;
				HEADER_SEARCH_PATHS = /opt/theos/include;
				OTHER_LDFLAGS = "-ObjC";
				PRODUCT_NAME = "$(TARGET_NAME)";
				SKIP_INSTALL = YES;
			};
			name = Release;
		};
/* End XCBuildConfiguration section */

/* Begin XCConfigurationList section */
		539B79A61FD39B2800FEB4F5 /* Build configuration list for PBXProject "Mitsuha2" */ = {
			isa = XCConfigurationList;
			buildConfigurations = (
				539B79B21FD39B2800FEB4F5 /* Debug */,
				539B79B31FD39B2800FEB4F5 /* Release */,
			);
			defaultConfigurationIsVisible = 0;
			defaultConfigurationName = Release;
		};
		539B79B41FD39B2800FEB4F5 /* Build configuration list for PBXNativeTarget "Mitsuha2" */ = {
			isa = XCConfigurationList;
			buildConfigurations = (
				539B79B51FD39B2800FEB4F5 /* Debug */,
				539B79B61FD39B2800FEB4F5 /* Release */,
			);
			defaultConfigurationIsVisible = 0;
			defaultConfigurationName = Release;
		};
/* End XCConfigurationList section */
	};
	rootObject = 539B79A31FD39B2800FEB4F5 /* Project object */;
}
